{
  "name": "Candy",
  "lockfileVersion": 2,
  "requires": true,
  "packages": {
    "": {
      "dependencies": {
        "bytenode": "^1.3.7"
      },
      "devDependencies": {
        "@types/node": "^18.11.12"
      }
    },
    "node_modules/@types/node": {
      "version": "18.11.12",
      "resolved": "https://registry.npmjs.org/@types/node/-/node-18.11.12.tgz",
      "integrity": "sha512-FgD3NtTAKvyMmD44T07zz2fEf+OKwutgBCEVM8GcvMGVGaDktiLNTDvPwC/LUe3PinMW+X6CuLOF2Ui1mAlSXg==",
      "dev": true
    },
    "node_modules/bytenode": {
      "version": "1.3.7",
      "resolved": "https://registry.npmjs.org/bytenode/-/bytenode-1.3.7.tgz",
      "integrity": "sha512-TKvemYL2VJQIBE095FIYudjTsLagVBLpKXIYj+MaDUgzhdNL74SM1bizcXgwQs51mnXyO38tlqusDZqY8/XdTQ==",
      "bin": {
        "bytenode": "lib/cli.js"
      }
    }
  },
  "dependencies": {
    "@types/node": {
      "version": "18.11.12",
      "resolved": "https://registry.npmjs.org/@types/node/-/node-18.11.12.tgz",
      "integrity": "sha512-FgD3NtTAKvyMmD44T07zz2fEf+OKwutgBCEVM8GcvMGVGaDktiLNTDvPwC/LUe3PinMW+X6CuLOF2Ui1mAlSXg==",
      "dev": true
    },
    "bytenode": {
      "version": "1.3.7",
      "resolved": "https://registry.npmjs.org/bytenode/-/bytenode-1.3.7.tgz",
      "integrity": "sha512-TKvemYL2VJQIBE095FIYudjTsLagVBLpKXIYj+MaDUgzhdNL74SM1bizcXgwQs51mnXyO38tlqusDZqY8/XdTQ=="
    }
  }
}
